
Microsoft Visual Studio Solution File, Format Version 12.00
# Visual Studio Version 16
VisualStudioVersion = 16.0.810.22
MinimumVisualStudioVersion = 10.0.40219.1
Project("{FAE04EC0-301F-11D3-BF4B-00C04F79EFBC}") = "ThirdParty.API", "ThirdParty.API\ThirdParty.API.csproj", "{3A36066F-24BF-4A6E-A0F2-5948A5E22B89}"
EndProject
Global
	GlobalSection(SolutionConfigurationPlatforms) = preSolution
		Debug|Any CPU = Debug|Any CPU
		Release|Any CPU = Release|Any CPU
	EndGlobalSection
	GlobalSection(ProjectConfigurationPlatforms) = postSolution
		{3A36066F-24BF-4A6E-A0F2-5948A5E22B89}.Debug|Any CPU.ActiveCfg = Debug|Any CPU
		{3A36066F-24BF-4A6E-A0F2-5948A5E22B89}.Debug|Any CPU.Build.0 = Debug|Any CPU
		{3A36066F-24BF-4A6E-A0F2-5948A5E22B89}.Release|Any CPU.ActiveCfg = Release|Any CPU
		{3A36066F-24BF-4A6E-A0F2-5948A5E22B89}.Release|Any CPU.Build.0 = Release|Any CPU
	EndGlobalSection
	GlobalSection(SolutionProperties) = preSolution
		HideSolutionNode = FALSE
	EndGlobalSection
	GlobalSection(ExtensibilityGlobals) = postSolution
		SolutionGuid = {A149F1A9-F38F-41FC-BC31-BFAD35B45E3B}
	EndGlobalSection
EndGlobal
